Microsoft Visual Studio Solution File, Format Version 12.00
# Visual Studio Version 17
VisualStudioVersion = 17.5.2.0
MinimumVisualStudioVersion = 10.0.40219.1
Project("{FAE04EC0-301F-11D3-BF4B-00C04F79EFBC}") = "ToDoApp.Backend", "ToDoApp.Backend\ToDoApp.Backend.csproj", "{AE16D3E0-CDCD-F4B7-5161-85F72575306E}"
EndProject
Project("{54A90642-561A-4BB1-A94E-469ADEE60C69}") = "todoapp.react", "ToDoApp.Frontend\ToDoApp.Frontend.esproj", "{280EABE9-BFCF-0D63-464A-7EBF22FE0A1A}"
EndProject
Global
	GlobalSection(SolutionConfigurationPlatforms) = preSolution
		Debug|Any CPU = Debug|Any CPU
		Release|Any CPU = Release|Any CPU
	EndGlobalSection
	GlobalSection(ProjectConfigurationPlatforms) = postSolution
		{AE16D3E0-CDCD-F4B7-5161-85F72575306E}.Debug|Any CPU.ActiveCfg = Debug|Any CPU
		{AE16D3E0-CDCD-F4B7-5161-85F72575306E}.Debug|Any CPU.Build.0 = Debug|Any CPU
		{AE16D3E0-CDCD-F4B7-5161-85F72575306E}.Release|Any CPU.ActiveCfg = Release|Any CPU
		{AE16D3E0-CDCD-F4B7-5161-85F72575306E}.Release|Any CPU.Build.0 = Release|Any CPU
		{280EABE9-BFCF-0D63-464A-7EBF22FE0A1A}.Debug|Any CPU.ActiveCfg = Debug|Any CPU
		{280EABE9-BFCF-0D63-464A-7EBF22FE0A1A}.Debug|Any CPU.Build.0 = Debug|Any CPU
		{280EABE9-BFCF-0D63-464A-7EBF22FE0A1A}.Debug|Any CPU.Deploy.0 = Debug|Any CPU
		{280EABE9-BFCF-0D63-464A-7EBF22FE0A1A}.Release|Any CPU.ActiveCfg = Release|Any CPU
		{280EABE9-BFCF-0D63-464A-7EBF22FE0A1A}.Release|Any CPU.Build.0 = Release|Any CPU
		{280EABE9-BFCF-0D63-464A-7EBF22FE0A1A}.Release|Any CPU.Deploy.0 = Release|Any CPU
	EndGlobalSection
	GlobalSection(SolutionProperties) = preSolution
		HideSolutionNode = FALSE
	EndGlobalSection
	GlobalSection(ExtensibilityGlobals) = postSolution
		SolutionGuid = {045F7D63-B1F3-40FF-8246-402D6E97D72A}
	EndGlobalSection
EndGlobal
